
Microsoft Visual Studio Solution File, Format Version 12.00
# Visual Studio Version 16
VisualStudioVersion = 16.0.33214.272
MinimumVisualStudioVersion = 10.0.40219.1
Project("{FAE04EC0-301F-11D3-BF4B-00C04F79EFBC}") = "prCol_ind_5_Kaigorodov", "prCol_ind_5_Kaigorodov.csproj", "{30A63F15-917C-4F3F-B927-557289C59BC0}"
EndProject
Global
	GlobalSection(SolutionConfigurationPlatforms) = preSolution
		Debug|Any CPU = Debug|Any CPU
		Release|Any CPU = Release|Any CPU
	EndGlobalSection
	GlobalSection(ProjectConfigurationPlatforms) = postSolution
		{30A63F15-917C-4F3F-B927-557289C59BC0}.Debug|Any CPU.ActiveCfg = Debug|Any CPU
		{30A63F15-917C-4F3F-B927-557289C59BC0}.Debug|Any CPU.Build.0 = Debug|Any CPU
		{30A63F15-917C-4F3F-B927-557289C59BC0}.Release|Any CPU.ActiveCfg = Release|Any CPU
		{30A63F15-917C-4F3F-B927-557289C59BC0}.Release|Any CPU.Build.0 = Release|Any CPU
	EndGlobalSection
	GlobalSection(SolutionProperties) = preSolution
		HideSolutionNode = FALSE
	EndGlobalSection
	GlobalSection(ExtensibilityGlobals) = postSolution
		SolutionGuid = {AF6BFEC2-0F63-44A6-989B-8884FF52E242}
	EndGlobalSection
EndGlobal
